
Microsoft Visual Studio Solution File, Format Version 12.00
# Visual Studio 15
VisualStudioVersion = 15.0.28307.168
MinimumVisualStudioVersion = 10.0.40219.1
Project("{FAE04EC0-301F-11D3-BF4B-00C04F79EFBC}") = "WpfApp1", "WpfApp1\WpfApp1.csproj", "{909CE439-8F77-46E7-9450-4A9D667FE34F}"
EndProject
Global
	GlobalSection(SolutionConfigurationPlatforms) = preSolution
		Debug|Any CPU = Debug|Any CPU
		Release|Any CPU = Release|Any CPU
	EndGlobalSection
	GlobalSection(ProjectConfigurationPlatforms) = postSolution
		{909CE439-8F77-46E7-9450-4A9D667FE34F}.Debug|Any CPU.ActiveCfg = Debug|Any CPU
		{909CE439-8F77-46E7-9450-4A9D667FE34F}.Debug|Any CPU.Build.0 = Debug|Any CPU
		{909CE439-8F77-46E7-9450-4A9D667FE34F}.Release|Any CPU.ActiveCfg = Release|Any CPU
		{909CE439-8F77-46E7-9450-4A9D667FE34F}.Release|Any CPU.Build.0 = Release|Any CPU
	EndGlobalSection
	GlobalSection(SolutionProperties) = preSolution
		HideSolutionNode = FALSE
	EndGlobalSection
	GlobalSection(ExtensibilityGlobals) = postSolution
		SolutionGuid = {CFFF15EE-ED93-40C4-A92B-9CA1D9307BA3}
	EndGlobalSection
EndGlobal
